
Microsoft Visual Studio Solution File, Format Version 12.00
# Visual Studio Version 16
VisualStudioVersion = 16.0.810.25
MinimumVisualStudioVersion = 10.0.40219.1
Project("{FAE04EC0-301F-11D3-BF4B-00C04F79EFBC}") = "Guias", "Guias\Guias.csproj", "{B8A2E6AE-4C37-4423-A841-B1C4A29EA37C}"
EndProject
Global
	GlobalSection(SolutionConfigurationPlatforms) = preSolution
		Debug|Any CPU = Debug|Any CPU
		Release|Any CPU = Release|Any CPU
	EndGlobalSection
	GlobalSection(ProjectConfigurationPlatforms) = postSolution
		{B8A2E6AE-4C37-4423-A841-B1C4A29EA37C}.Debug|Any CPU.ActiveCfg = Debug|Any CPU
		{B8A2E6AE-4C37-4423-A841-B1C4A29EA37C}.Debug|Any CPU.Build.0 = Debug|Any CPU
		{B8A2E6AE-4C37-4423-A841-B1C4A29EA37C}.Release|Any CPU.ActiveCfg = Release|Any CPU
		{B8A2E6AE-4C37-4423-A841-B1C4A29EA37C}.Release|Any CPU.Build.0 = Release|Any CPU
	EndGlobalSection
	GlobalSection(SolutionProperties) = preSolution
		HideSolutionNode = FALSE
	EndGlobalSection
	GlobalSection(ExtensibilityGlobals) = postSolution
		SolutionGuid = {600BC0A2-B5FF-416A-9301-3E02467DE1FC}
	EndGlobalSection
EndGlobal
